// !$*UTF8*$!
{
	archiveVersion = 1;
	classes = {
	};
	objectVersion = 46;
	objects = {

/* Begin PBXBuildFile section */
		B4169B231E9D1D45003F698A /* Passwords.swift in Sources */ = {isa = PBXBuildFile; fileRef = B4169B221E9D1D45003F698A /* Passwords.swift */; };
		B42BD7781E9CC8880074EB2F /* InformationViewController.swift in Sources */ = {isa = PBXBuildFile; fileRef = B42BD7771E9CC8880074EB2F /* InformationViewController.swift */; };
		B49199E61E9BB697006277FB /* MainViewController.swift in Sources */ = {isa = PBXBuildFile; fileRef = B49199E51E9BB697006277FB /* MainViewController.swift */; };
		B4947B671E9BAFD200B3BA0E /* GoogleService-Info.plist in Resources */ = {isa = PBXBuildFile; fileRef = B4947B661E9BAFD200B3BA0E /* GoogleService-Info.plist */; };
		B497E7A51E9B953E0061AC93 /* AppDelegate.swift in Sources */ = {isa = PBXBuildFile; fileRef = B497E7A41E9B953E0061AC93 /* AppDelegate.swift */; };
		B497E7A71E9B953E0061AC93 /* ViewController.swift in Sources */ = {isa = PBXBuildFile; fileRef = B497E7A61E9B953E0061AC93 /* ViewController.swift */; };
		B497E7AA1E9B953E0061AC93 /* Main.storyboard in Resources */ = {isa = PBXBuildFile; fileRef = B497E7A81E9B953E0061AC93 /* Main.storyboard */; };
		B497E7AC1E9B953E0061AC93 /* Assets.xcassets in Resources */ = {isa = PBXBuildFile; fileRef = B497E7AB1E9B953E0061AC93 /* Assets.xcassets */; };
		B497E7AF1E9B953E0061AC93 /* LaunchScreen.storyboard in Resources */ = {isa = PBXBuildFile; fileRef = B497E7AD1E9B953E0061AC93 /* LaunchScreen.storyboard */; };
		DFC5C7C8048279593E7844E7 /* Pods_LPass.framework in Frameworks */ = {isa = PBXBuildFile; fileRef = AAC6B66D34A2CF800DE7B736 /* Pods_LPass.framework */; };
/* End PBXBuildFile section */

/* Begin PBXFileReference section */
		4D1A8E445F212B356EAD8FFF /* Pods-LPass.release.xcconfig */ = {isa = PBXFileReference; includeInIndex = 1; lastKnownFileType = text.xcconfig; name = "Pods-LPass.release.xcconfig"; path = "Pods/Target Support Files/Pods-LPass/Pods-LPass.release.xcconfig"; sourceTree = "<group>"; };
		7B8CCC481BFE17D2454ECFF6 /* Pods-LPass.debug.xcconfig */ = {isa = PBXFileReference; includeInIndex = 1; lastKnownFileType = text.xcconfig; name = "Pods-LPass.debug.xcconfig"; path = "Pods/Target Support Files/Pods-LPass/Pods-LPass.debug.xcconfig"; sourceTree = "<group>"; };
		AAC6B66D34A2CF800DE7B736 /* Pods_LPass.framework */ = {isa = PBXFileReference; explicitFileType = wrapper.framework; includeInIndex = 0; path = Pods_LPass.framework; sourceTree = BUILT_PRODUCTS_DIR; };
		B4169B221E9D1D45003F698A /* Passwords.swift */ = {isa = PBXFileReference; fileEncoding = 4; lastKnownFileType = sourcecode.swift; path = Passwords.swift; sourceTree = "<group>"; };
		B42BD7771E9CC8880074EB2F /* InformationViewController.swift */ = {isa = PBXFileReference; fileEncoding = 4; lastKnownFileType = sourcecode.swift; path = InformationViewController.swift; sourceTree = "<group>"; };
		B49199E51E9BB697006277FB /* MainViewController.swift */ = {isa = PBXFileReference; fileEncoding = 4; lastKnownFileType = sourcecode.swift; path = MainViewController.swift; sourceTree = "<group>"; };
		B4947B661E9BAFD200B3BA0E /* GoogleService-Info.plist */ = {isa = PBXFileReference; fileEncoding = 4; lastKnownFileType = text.plist.xml; path = "GoogleService-Info.plist"; sourceTree = "<group>"; };
		B497E7A11E9B953E0061AC93 /* LPass.app */ = {isa = PBXFileReference; explicitFileType = wrapper.application; includeInIndex = 0; path = LPass.app; sourceTree = BUILT_PRODUCTS_DIR; };
		B497E7A41E9B953E0061AC93 /* AppDelegate.swift */ = {isa = PBXFileReference; lastKnownFileType = sourcecode.swift; path = AppDelegate.swift; sourceTree = "<group>"; };
		B497E7A61E9B953E0061AC93 /* ViewController.swift */ = {isa = PBXFileReference; lastKnownFileType = sourcecode.swift; path = ViewController.swift; sourceTree = "<group>"; };
		B497E7A91E9B953E0061AC93 /* Base */ = {isa = PBXFileReference; lastKnownFileType = file.storyboard; name = Base; path = Base.lproj/Main.storyboard; sourceTree = "<group>"; };
		B497E7AB1E9B953E0061AC93 /* Assets.xcassets */ = {isa = PBXFileReference; lastKnownFileType = folder.assetcatalog; path = Assets.xcassets; sourceTree = "<group>"; };
		B497E7AE1E9B953E0061AC93 /* Base */ = {isa = PBXFileReference; lastKnownFileType = file.storyboard; name = Base; path = Base.lproj/LaunchScreen.storyboard; sourceTree = "<group>"; };
		B497E7B01E9B953E0061AC93 /* Info.plist */ = {isa = PBXFileReference; lastKnownFileType = text.plist.xml; path = Info.plist; sourceTree = "<group>"; };
/* End PBXFileReference section */

/* Begin PBXFrameworksBuildPhase section */
		B497E79E1E9B953E0061AC93 /* Frameworks */ = {
			isa = PBXFrameworksBuildPhase;
			buildActionMask = 2147483647;
			files = (
				DFC5C7C8048279593E7844E7 /* Pods_LPass.framework in Frameworks */,
			);
			runOnlyForDeploymentPostprocessing = 0;
		};
/* End PBXFrameworksBuildPhase section */

/* Begin PBXGroup section */
		33F25BB2BF9DAA87DD446D3A /* Frameworks */ = {
			isa = PBXGroup;
			children = (
				AAC6B66D34A2CF800DE7B736 /* Pods_LPass.framework */,
			);
			name = Frameworks;
			sourceTree = "<group>";
		};
		7612847F44722A4004D547F4 /* Pods */ = {
			isa = PBXGroup;
			children = (
				7B8CCC481BFE17D2454ECFF6 /* Pods-LPass.debug.xcconfig */,
				4D1A8E445F212B356EAD8FFF /* Pods-LPass.release.xcconfig */,
			);
			name = Pods;
			sourceTree = "<group>";
		};
		B4169B211E9D1D1F003F698A /* Model */ = {
			isa = PBXGroup;
			children = (
				B4169B221E9D1D45003F698A /* Passwords.swift */,
			);
			name = Model;
			sourceTree = "<group>";
		};
		B497E7981E9B953E0061AC93 = {
			isa = PBXGroup;
			children = (
				B497E7A31E9B953E0061AC93 /* LPass */,
				B497E7A21E9B953E0061AC93 /* Products */,
				7612847F44722A4004D547F4 /* Pods */,
				33F25BB2BF9DAA87DD446D3A /* Frameworks */,
			);
			sourceTree = "<group>";
		};
		B497E7A21E9B953E0061AC93 /* Products */ = {
			isa = PBXGroup;
			children = (
				B497E7A11E9B953E0061AC93 /* LPass.app */,
			);
			name = Products;
			sourceTree = "<group>";
		};
		B497E7A31E9B953E0061AC93 /* LPass */ = {
			isa = PBXGroup;
			children = (
				B497E7A41E9B953E0061AC93 /* AppDelegate.swift */,
				B497E7A61E9B953E0061AC93 /* ViewController.swift */,
				B49199E51E9BB697006277FB /* MainViewController.swift */,
				B42BD7771E9CC8880074EB2F /* InformationViewController.swift */,
				B497E7A81E9B953E0061AC93 /* Main.storyboard */,
				B497E7AB1E9B953E0061AC93 /* Assets.xcassets */,
				B497E7AD1E9B953E0061AC93 /* LaunchScreen.storyboard */,
				B497E7B01E9B953E0061AC93 /* Info.plist */,
				B4169B211E9D1D1F003F698A /* Model */,
				B4947B661E9BAFD200B3BA0E /* GoogleService-Info.plist */,
			);
			path = LPass;
			sourceTree = "<group>";
		};
/* End PBXGroup section */

/* Begin PBXNativeTarget section */
		B497E7A01E9B953E0061AC93 /* LPass */ = {
			isa = PBXNativeTarget;
			buildConfigurationList = B497E7B31E9B953E0061AC93 /* Build configuration list for PBXNativeTarget "LPass" */;
			buildPhases = (
				BBA7D9DE5A2881499E1A5C04 /* [CP] Check Pods Manifest.lock */,
				B497E79D1E9B953E0061AC93 /* Sources */,
				B497E79E1E9B953E0061AC93 /* Frameworks */,
				B497E79F1E9B953E0061AC93 /* Resources */,
				78330C22C5050D005918DA3B /* [CP] Embed Pods Frameworks */,
				4C4BD91E0D66D64862DA4EA3 /* [CP] Copy Pods Resources */,
			);
			buildRules = (
			);
			dependencies = (
			);
			name = LPass;
			productName = LPass;
			productReference = B497E7A11E9B953E0061AC93 /* LPass.app */;
			productType = "com.apple.product-type.application";
		};
/* End PBXNativeTarget section */

/* Begin PBXProject section */
		B497E7991E9B953E0061AC93 /* Project object */ = {
			isa = PBXProject;
			attributes = {
				LastSwiftUpdateCheck = 0830;
				LastUpgradeCheck = 0830;
				ORGANIZATIONNAME = "Louis-Philip Shahim";
				TargetAttributes = {
					B497E7A01E9B953E0061AC93 = {
						CreatedOnToolsVersion = 8.3;
						DevelopmentTeam = 848Y52NT3B;
						ProvisioningStyle = Automatic;
					};
				};
			};
			buildConfigurationList = B497E79C1E9B953E0061AC93 /* Build configuration list for PBXProject "LPass" */;
			compatibilityVersion = "Xcode 3.2";
			developmentRegion = English;
			hasScannedForEncodings = 0;
			knownRegions = (
				en,
				Base,
			);
			mainGroup = B497E7981E9B953E0061AC93;
			productRefGroup = B497E7A21E9B953E0061AC93 /* Products */;
			projectDirPath = "";
			projectRoot = "";
			targets = (
				B497E7A01E9B953E0061AC93 /* LPass */,
			);
		};
/* End PBXProject section */

/* Begin PBXResourcesBuildPhase section */
		B497E79F1E9B953E0061AC93 /* Resources */ = {
			isa = PBXResourcesBuildPhase;
			buildActionMask = 2147483647;
			files = (
				B497E7AF1E9B953E0061AC93 /* LaunchScreen.storyboard in Resources */,
				B4947B671E9BAFD200B3BA0E /* GoogleService-Info.plist in Resources */,
				B497E7AC1E9B953E0061AC93 /* Assets.xcassets in Resources */,
				B497E7AA1E9B953E0061AC93 /* Main.storyboard in Resources */,
			);
			runOnlyForDeploymentPostprocessing = 0;
		};
/* End PBXResourcesBuildPhase section */

/* Begin PBXShellScriptBuildPhase section */
		4C4BD91E0D66D64862DA4EA3 /* [CP] Copy Pods Resources */ = {
			isa = PBXShellScriptBuildPhase;
			buildActionMask = 2147483647;
			files = (
			);
			inputPaths = (
			);
			name = "[CP] Copy Pods Resources";
			outputPaths = (
			);
			runOnlyForDeploymentPostprocessing = 0;
			shellPath = /bin/sh;
			shellScript = "\"${SRCROOT}/Pods/Target Support Files/Pods-LPass/Pods-LPass-resources.sh\"\n";
			showEnvVarsInLog = 0;
		};
		78330C22C5050D005918DA3B /* [CP] Embed Pods Frameworks */ = {
			isa = PBXShellScriptBuildPhase;
			buildActionMask = 2147483647;
			files = (
			);
			inputPaths = (
			);
			name = "[CP] Embed Pods Frameworks";
			outputPaths = (
			);
			runOnlyForDeploymentPostprocessing = 0;
			shellPath = /bin/sh;
			shellScript = "\"${SRCROOT}/Pods/Target Support Files/Pods-LPass/Pods-LPass-frameworks.sh\"\n";
			showEnvVarsInLog = 0;
		};
		BBA7D9DE5A2881499E1A5C04 /* [CP] Check Pods Manifest.lock */ = {
			isa = PBXShellScriptBuildPhase;
			buildActionMask = 2147483647;
			files = (
			);
			inputPaths = (
			);
			name = "[CP] Check Pods Manifest.lock";
			outputPaths = (
			);
			runOnlyForDeploymentPostprocessing = 0;
			shellPath = /bin/sh;
			shellScript = "diff \"${PODS_ROOT}/../Podfile.lock\" \"${PODS_ROOT}/Manifest.lock\" > /dev/null\nif [ $? != 0 ] ; then\n    # print error to STDERR\n    echo \"error: The sandbox is not in sync with the Podfile.lock. Run 'pod install' or update your CocoaPods installation.\" >&2\n    exit 1\nfi\n";
			showEnvVarsInLog = 0;
		};
/* End PBXShellScriptBuildPhase section */

/* Begin PBXSourcesBuildPhase section */
		B497E79D1E9B953E0061AC93 /* Sources */ = {
			isa = PBXSourcesBuildPhase;
			buildActionMask = 2147483647;
			files = (
				B4169B231E9D1D45003F698A /* Passwords.swift in Sources */,
				B49199E61E9BB697006277FB /* MainViewController.swift in Sources */,
				B497E7A71E9B953E0061AC93 /* ViewController.swift in Sources */,
				B497E7A51E9B953E0061AC93 /* AppDelegate.swift in Sources */,
				B42BD7781E9CC8880074EB2F /* InformationViewController.swift in Sources */,
			);
			runOnlyForDeploymentPostprocessing = 0;
		};
/* End PBXSourcesBuildPhase section */

/* Begin PBXVariantGroup section */
		B497E7A81E9B953E0061AC93 /* Main.storyboard */ = {
			isa = PBXVariantGroup;
			children = (
				B497E7A91E9B953E0061AC93 /* Base */,
			);
			name = Main.storyboard;
			sourceTree = "<group>";
		};
		B497E7AD1E9B953E0061AC93 /* LaunchScreen.storyboard */ = {
			isa = PBXVariantGroup;
			children = (
				B497E7AE1E9B953E0061AC93 /* Base */,
			);
			name = LaunchScreen.storyboard;
			sourceTree = "<group>";
		};
/* End PBXVariantGroup section */

/* Begin XCBuildConfiguration section */
		B497E7B11E9B953E0061AC93 /* Debug */ = {
			isa = XCBuildConfiguration;
			buildSettings = {
				ALWAYS_SEARCH_USER_PATHS = NO;
				CLANG_ANALYZER_NONNULL = YES;
				CLANG_ANALYZER_NUMBER_OBJECT_CONVERSION = YES_AGGRESSIVE;
				CLANG_CXX_LANGUAGE_STANDARD = "gnu++0x";
				CLANG_CXX_LIBRARY = "libc++";
				CLANG_ENABLE_MODULES = YES;
				CLANG_ENABLE_OBJC_ARC = YES;
				CLANG_WARN_BOOL_CONVERSION = YES;
				CLANG_WARN_CONSTANT_CONVERSION = YES;
				CLANG_WARN_DIRECT_OBJC_ISA_USAGE = YES_ERROR;
				CLANG_WARN_DOCUMENTATION_COMMENTS = YES;
				CLANG_WARN_EMPTY_BODY = YES;
				CLANG_WARN_ENUM_CONVERSION = YES;
				CLANG_WARN_INFINITE_RECURSION = YES;
				CLANG_WARN_INT_CONVERSION = YES;
				CLANG_WARN_OBJC_ROOT_CLASS = YES_ERROR;
				CLANG_WARN_SUSPICIOUS_MOVE = YES;
				CLANG_WARN_UNREACHABLE_CODE = YES;
				CLANG_WARN__DUPLICATE_METHOD_MATCH = YES;
				"CODE_SIGN_IDENTITY[sdk=iphoneos*]" = "iPhone Developer";
				COPY_PHASE_STRIP = NO;
				DEBUG_INFORMATION_FORMAT = dwarf;
				ENABLE_STRICT_OBJC_MSGSEND = YES;
				ENABLE_TESTABILITY = YES;
				GCC_C_LANGUAGE_STANDARD = gnu99;
				GCC_DYNAMIC_NO_PIC = NO;
				GCC_NO_COMMON_BLOCKS = YES;
				GCC_OPTIMIZATION_LEVEL = 0;
				GCC_PREPROCESSOR_DEFINITIONS = (
					"DEBUG=1",
					"$(inherited)",
				);
				GCC_WARN_64_TO_32_BIT_CONVERSION = YES;
				GCC_WARN_ABOUT_RETURN_TYPE = YES_ERROR;
				GCC_WARN_UNDECLARED_SELECTOR = YES;
				GCC_WARN_UNINITIALIZED_AUTOS = YES_AGGRESSIVE;
				GCC_WARN_UNUSED_FUNCTION = YES;
				GCC_WARN_UNUSED_VARIABLE = YES;
				IPHONEOS_DEPLOYMENT_TARGET = 10.3;
				MTL_ENABLE_DEBUG_INFO = YES;
				ONLY_ACTIVE_ARCH = YES;
				SDKROOT = iphoneos;
				SWIFT_ACTIVE_COMPILATION_CONDITIONS = DEBUG;
				SWIFT_OPTIMIZATION_LEVEL = "-Onone";
			};
			name = Debug;
		};
		B497E7B21E9B953E0061AC93 /* Release */ = {
			isa = XCBuildConfiguration;
			buildSettings = {
				ALWAYS_SEARCH_USER_PATHS = NO;
				CLANG_ANALYZER_NONNULL = YES;
				CLANG_ANALYZER_NUMBER_OBJECT_CONVERSION = YES_AGGRESSIVE;
				CLANG_CXX_LANGUAGE_STANDARD = "gnu++0x";
				CLANG_CXX_LIBRARY = "libc++";
				CLANG_ENABLE_MODULES = YES;
				CLANG_ENABLE_OBJC_ARC = YES;
				CLANG_WARN_BOOL_CONVERSION = YES;
				CLANG_WARN_CONSTANT_CONVERSION = YES;
				CLANG_WARN_DIRECT_OBJC_ISA_USAGE = YES_ERROR;
				CLANG_WARN_DOCUMENTATION_COMMENTS = YES;
				CLANG_WARN_EMPTY_BODY = YES;
				CLANG_WARN_ENUM_CONVERSION = YES;
				CLANG_WARN_INFINITE_RECURSION = YES;
				CLANG_WARN_INT_CONVERSION = YES;
				CLANG_WARN_OBJC_ROOT_CLASS = YES_ERROR;
				CLANG_WARN_SUSPICIOUS_MOVE = YES;
				CLANG_WARN_UNREACHABLE_CODE = YES;
				CLANG_WARN__DUPLICATE_METHOD_MATCH = YES;
				"CODE_SIGN_IDENTITY[sdk=iphoneos*]" = "iPhone Developer";
				COPY_PHASE_STRIP = NO;
				DEBUG_INFORMATION_FORMAT = "dwarf-with-dsym";
				ENABLE_NS_ASSERTIONS = NO;
				ENABLE_STRICT_OBJC_MSGSEND = YES;
				GCC_C_LANGUAGE_STANDARD = gnu99;
				GCC_NO_COMMON_BLOCKS = YES;
				GCC_WARN_64_TO_32_BIT_CONVERSION = YES;
				GCC_WARN_ABOUT_RETURN_TYPE = YES_ERROR;
				GCC_WARN_UNDECLARED_SELECTOR = YES;
				GCC_WARN_UNINITIALIZED_AUTOS = YES_AGGRESSIVE;
				GCC_WARN_UNUSED_FUNCTION = YES;
				GCC_WARN_UNUSED_VARIABLE = YES;
				IPHONEOS_DEPLOYMENT_TARGET = 10.3;
				MTL_ENABLE_DEBUG_INFO = NO;
				SDKROOT = iphoneos;
				SWIFT_OPTIMIZATION_LEVEL = "-Owholemodule";
				VALIDATE_PRODUCT = YES;
			};
			name = Release;
		};
		B497E7B41E9B953E0061AC93 /* Debug */ = {
			isa = XCBuildConfiguration;
			baseConfigurationReference = 7B8CCC481BFE17D2454ECFF6 /* Pods-LPass.debug.xcconfig */;
			buildSettings = {
				ASSETCATALOG_COMPILER_APPICON_NAME = AppIcon;
				DEVELOPMENT_TEAM = 848Y52NT3B;
				INFOPLIST_FILE = LPass/Info.plist;
				LD_RUNPATH_SEARCH_PATHS = "$(inherited) @executable_path/Frameworks";
				PRODUCT_BUNDLE_IDENTIFIER = "com.Louis-Philip.LPass";
				PRODUCT_NAME = "$(TARGET_NAME)";
				SWIFT_VERSION = 3.0;
			};
			name = Debug;
		};
		B497E7B51E9B953E0061AC93 /* Release */ = {
			isa = XCBuildConfiguration;
			baseConfigurationReference = 4D1A8E445F212B356EAD8FFF /* Pods-LPass.release.xcconfig */;
			buildSettings = {
				ASSETCATALOG_COMPILER_APPICON_NAME = AppIcon;
				DEVELOPMENT_TEAM = 848Y52NT3B;
				INFOPLIST_FILE = LPass/Info.plist;
				LD_RUNPATH_SEARCH_PATHS = "$(inherited) @executable_path/Frameworks";
				PRODUCT_BUNDLE_IDENTIFIER = "com.Louis-Philip.LPass";
				PRODUCT_NAME = "$(TARGET_NAME)";
				SWIFT_VERSION = 3.0;
			};
			name = Release;
		};
/* End XCBuildConfiguration section */

/* Begin XCConfigurationList section */
		B497E79C1E9B953E0061AC93 /* Build configuration list for PBXProject "LPass" */ = {
			isa = XCConfigurationList;
			buildConfigurations = (
				B497E7B11E9B953E0061AC93 /* Debug */,
				B497E7B21E9B953E0061AC93 /* Release */,
			);
			defaultConfigurationIsVisible = 0;
			defaultConfigurationName = Release;
		};
		B497E7B31E9B953E0061AC93 /* Build configuration list for PBXNativeTarget "LPass" */ = {
			isa = XCConfigurationList;
			buildConfigurations = (
				B497E7B41E9B953E0061AC93 /* Debug */,
				B497E7B51E9B953E0061AC93 /* Release */,
			);
			defaultConfigurationIsVisible = 0;
			defaultConfigurationName = Release;
		};
/* End XCConfigurationList section */
	};
	rootObject = B497E7991E9B953E0061AC93 /* Project object */;
}
